// !$*UTF8*$!
{
	archiveVersion = 1;
	classes = {
	};
	objectVersion = 50;
	objects = {

/* Begin PBXBuildFile section */
		C72A4FD12268D33A0073AF2A /* AppDelegate.swift in Sources */ = {isa = PBXBuildFile; fileRef = C72A4FD02268D33A0073AF2A /* AppDelegate.swift */; };
		C72A4FD82268D33B0073AF2A /* Assets.xcassets in Resources */ = {isa = PBXBuildFile; fileRef = C72A4FD72268D33B0073AF2A /* Assets.xcassets */; };
		C72A4FDB2268D33B0073AF2A /* LaunchScreen.storyboard in Resources */ = {isa = PBXBuildFile; fileRef = C72A4FD92268D33B0073AF2A /* LaunchScreen.storyboard */; };
		C72A50092268D4110073AF2A /* SongsViewModel.swift in Sources */ = {isa = PBXBuildFile; fileRef = C72A4FE62268D4110073AF2A /* SongsViewModel.swift */; };
		C72A500B2268D4110073AF2A /* SongsCoordinator.swift in Sources */ = {isa = PBXBuildFile; fileRef = C72A4FE92268D4110073AF2A /* SongsCoordinator.swift */; };
		C72A500C2268D4110073AF2A /* SongsCoordinatorOutputProtocol.swift in Sources */ = {isa = PBXBuildFile; fileRef = C72A4FEA2268D4110073AF2A /* SongsCoordinatorOutputProtocol.swift */; };
		C72A500D2268D4110073AF2A /* SongsViewProtocol.swift in Sources */ = {isa = PBXBuildFile; fileRef = C72A4FEC2268D4110073AF2A /* SongsViewProtocol.swift */; };
		C72A500E2268D4110073AF2A /* SongsViewController.swift in Sources */ = {isa = PBXBuildFile; fileRef = C72A4FED2268D4110073AF2A /* SongsViewController.swift */; };
		C72A500F2268D4110073AF2A /* SongsModulesFactoryProtocol.swift in Sources */ = {isa = PBXBuildFile; fileRef = C72A4FEE2268D4110073AF2A /* SongsModulesFactoryProtocol.swift */; };
		C72A50102268D4110073AF2A /* SongsAssembly.swift in Sources */ = {isa = PBXBuildFile; fileRef = C72A4FEF2268D4110073AF2A /* SongsAssembly.swift */; };
		C72A50112268D4110073AF2A /* HomeViewModelProtocol.swift in Sources */ = {isa = PBXBuildFile; fileRef = C72A4FF22268D4110073AF2A /* HomeViewModelProtocol.swift */; };
		C72A50122268D4110073AF2A /* HomeViewModel.swift in Sources */ = {isa = PBXBuildFile; fileRef = C72A4FF32268D4110073AF2A /* HomeViewModel.swift */; };
		C72A50132268D4110073AF2A /* HomeModulesFactoryProtocol.swift in Sources */ = {isa = PBXBuildFile; fileRef = C72A4FF42268D4110073AF2A /* HomeModulesFactoryProtocol.swift */; };
		C72A50142268D4110073AF2A /* HomeCoordinatorOutputProtocol.swift in Sources */ = {isa = PBXBuildFile; fileRef = C72A4FF62268D4110073AF2A /* HomeCoordinatorOutputProtocol.swift */; };
		C72A50152268D4110073AF2A /* HomeCoordinator.swift in Sources */ = {isa = PBXBuildFile; fileRef = C72A4FF72268D4110073AF2A /* HomeCoordinator.swift */; };
		C72A50162268D4110073AF2A /* HomeAssemble.swift in Sources */ = {isa = PBXBuildFile; fileRef = C72A4FF82268D4110073AF2A /* HomeAssemble.swift */; };
		C72A50172268D4110073AF2A /* HomeViewProtocol.swift in Sources */ = {isa = PBXBuildFile; fileRef = C72A4FFA2268D4110073AF2A /* HomeViewProtocol.swift */; };
		C72A50182268D4110073AF2A /* HomeViewController.swift in Sources */ = {isa = PBXBuildFile; fileRef = C72A4FFB2268D4110073AF2A /* HomeViewController.swift */; };
		C72A50192268D4110073AF2A /* AppCoordinator.swift in Sources */ = {isa = PBXBuildFile; fileRef = C72A4FFC2268D4110073AF2A /* AppCoordinator.swift */; };
		C72A501A2268D4110073AF2A /* ModulesFactory.swift in Sources */ = {isa = PBXBuildFile; fileRef = C72A4FFD2268D4110073AF2A /* ModulesFactory.swift */; };
		C72A501B2268D4110073AF2A /* CoordinatorFactoryProtocol.swift in Sources */ = {isa = PBXBuildFile; fileRef = C72A4FFF2268D4110073AF2A /* CoordinatorFactoryProtocol.swift */; };
		C72A501C2268D4110073AF2A /* CoordinatorFactory.swift in Sources */ = {isa = PBXBuildFile; fileRef = C72A50002268D4110073AF2A /* CoordinatorFactory.swift */; };
		C72A501D2268D4110073AF2A /* TabsCoordinator.swift in Sources */ = {isa = PBXBuildFile; fileRef = C72A50012268D4110073AF2A /* TabsCoordinator.swift */; };
		C72A501F2268D4110073AF2A /* UIViewController+extension.swift in Sources */ = {isa = PBXBuildFile; fileRef = C72A50032268D4110073AF2A /* UIViewController+extension.swift */; };
		C72A50202268D4110073AF2A /* PresentableProtocols.swift in Sources */ = {isa = PBXBuildFile; fileRef = C72A50042268D4110073AF2A /* PresentableProtocols.swift */; };
		C72A50212268D4110073AF2A /* BaseCoordinator.swift in Sources */ = {isa = PBXBuildFile; fileRef = C72A50052268D4110073AF2A /* BaseCoordinator.swift */; };
		C72A50222268D4110073AF2A /* Router.swift in Sources */ = {isa = PBXBuildFile; fileRef = C72A50072268D4110073AF2A /* Router.swift */; };
		C72A50232268D4110073AF2A /* RouterProtocol.swift in Sources */ = {isa = PBXBuildFile; fileRef = C72A50082268D4110073AF2A /* RouterProtocol.swift */; };
		C72A50292268D4890073AF2A /* TabModel.swift in Sources */ = {isa = PBXBuildFile; fileRef = C72A50262268D4890073AF2A /* TabModel.swift */; };
		C72A502C2268D51C0073AF2A /* TabsRouter.swift in Sources */ = {isa = PBXBuildFile; fileRef = C72A502B2268D51C0073AF2A /* TabsRouter.swift */; };
		C72A502E2268D52D0073AF2A /* NavigationRouter.swift in Sources */ = {isa = PBXBuildFile; fileRef = C72A502D2268D52D0073AF2A /* NavigationRouter.swift */; };
		C72A50312268DC4C0073AF2A /* TabsFactory.swift in Sources */ = {isa = PBXBuildFile; fileRef = C72A50302268DC4C0073AF2A /* TabsFactory.swift */; };
		C72A50342268DCAB0073AF2A /* CoordinateProtocols.swift in Sources */ = {isa = PBXBuildFile; fileRef = C72A50332268DCAB0073AF2A /* CoordinateProtocols.swift */; };
		C72A50372268DEB30073AF2A /* SongsViewModelProtocol.swift in Sources */ = {isa = PBXBuildFile; fileRef = C72A50362268DEB30073AF2A /* SongsViewModelProtocol.swift */; };
/* End PBXBuildFile section */

/* Begin PBXFileReference section */
		C72A4FCD2268D33A0073AF2A /* CoordinatorExample.app */ = {isa = PBXFileReference; explicitFileType = wrapper.application; includeInIndex = 0; path = CoordinatorExample.app; sourceTree = BUILT_PRODUCTS_DIR; };
		C72A4FD02268D33A0073AF2A /* AppDelegate.swift */ = {isa = PBXFileReference; lastKnownFileType = sourcecode.swift; path = AppDelegate.swift; sourceTree = "<group>"; };
		C72A4FD72268D33B0073AF2A /* Assets.xcassets */ = {isa = PBXFileReference; lastKnownFileType = folder.assetcatalog; path = Assets.xcassets; sourceTree = "<group>"; };
		C72A4FDA2268D33B0073AF2A /* Base */ = {isa = PBXFileReference; lastKnownFileType = file.storyboard; name = Base; path = Base.lproj/LaunchScreen.storyboard; sourceTree = "<group>"; };
		C72A4FDC2268D33B0073AF2A /* Info.plist */ = {isa = PBXFileReference; lastKnownFileType = text.plist.xml; path = Info.plist; sourceTree = "<group>"; };
		C72A4FE62268D4110073AF2A /* SongsViewModel.swift */ = {isa = PBXFileReference; fileEncoding = 4; lastKnownFileType = sourcecode.swift; path = SongsViewModel.swift; sourceTree = "<group>"; };
		C72A4FE92268D4110073AF2A /* SongsCoordinator.swift */ = {isa = PBXFileReference; fileEncoding = 4; lastKnownFileType = sourcecode.swift; path = SongsCoordinator.swift; sourceTree = "<group>"; };
		C72A4FEA2268D4110073AF2A /* SongsCoordinatorOutputProtocol.swift */ = {isa = PBXFileReference; fileEncoding = 4; lastKnownFileType = sourcecode.swift; path = SongsCoordinatorOutputProtocol.swift; sourceTree = "<group>"; };
		C72A4FEC2268D4110073AF2A /* SongsViewProtocol.swift */ = {isa = PBXFileReference; fileEncoding = 4; lastKnownFileType = sourcecode.swift; path = SongsViewProtocol.swift; sourceTree = "<group>"; };
		C72A4FED2268D4110073AF2A /* SongsViewController.swift */ = {isa = PBXFileReference; fileEncoding = 4; lastKnownFileType = sourcecode.swift; path = SongsViewController.swift; sourceTree = "<group>"; };
		C72A4FEE2268D4110073AF2A /* SongsModulesFactoryProtocol.swift */ = {isa = PBXFileReference; fileEncoding = 4; lastKnownFileType = sourcecode.swift; path = SongsModulesFactoryProtocol.swift; sourceTree = "<group>"; };
		C72A4FEF2268D4110073AF2A /* SongsAssembly.swift */ = {isa = PBXFileReference; fileEncoding = 4; lastKnownFileType = sourcecode.swift; path = SongsAssembly.swift; sourceTree = "<group>"; };
		C72A4FF22268D4110073AF2A /* HomeViewModelProtocol.swift */ = {isa = PBXFileReference; fileEncoding = 4; lastKnownFileType = sourcecode.swift; path = HomeViewModelProtocol.swift; sourceTree = "<group>"; };
		C72A4FF32268D4110073AF2A /* HomeViewModel.swift */ = {isa = PBXFileReference; fileEncoding = 4; lastKnownFileType = sourcecode.swift; path = HomeViewModel.swift; sourceTree = "<group>"; };
		C72A4FF42268D4110073AF2A /* HomeModulesFactoryProtocol.swift */ = {isa = PBXFileReference; fileEncoding = 4; lastKnownFileType = sourcecode.swift; path = HomeModulesFactoryProtocol.swift; sourceTree = "<group>"; };
		C72A4FF62268D4110073AF2A /* HomeCoordinatorOutputProtocol.swift */ = {isa = PBXFileReference; fileEncoding = 4; lastKnownFileType = sourcecode.swift; path = HomeCoordinatorOutputProtocol.swift; sourceTree = "<group>"; };
		C72A4FF72268D4110073AF2A /* HomeCoordinator.swift */ = {isa = PBXFileReference; fileEncoding = 4; lastKnownFileType = sourcecode.swift; path = HomeCoordinator.swift; sourceTree = "<group>"; };
		C72A4FF82268D4110073AF2A /* HomeAssemble.swift */ = {isa = PBXFileReference; fileEncoding = 4; lastKnownFileType = sourcecode.swift; path = HomeAssemble.swift; sourceTree = "<group>"; };
		C72A4FFA2268D4110073AF2A /* HomeViewProtocol.swift */ = {isa = PBXFileReference; fileEncoding = 4; lastKnownFileType = sourcecode.swift; path = HomeViewProtocol.swift; sourceTree = "<group>"; };
		C72A4FFB2268D4110073AF2A /* HomeViewController.swift */ = {isa = PBXFileReference; fileEncoding = 4; lastKnownFileType = sourcecode.swift; path = HomeViewController.swift; sourceTree = "<group>"; };
		C72A4FFC2268D4110073AF2A /* AppCoordinator.swift */ = {isa = PBXFileReference; fileEncoding = 4; lastKnownFileType = sourcecode.swift; path = AppCoordinator.swift; sourceTree = "<group>"; };
		C72A4FFD2268D4110073AF2A /* ModulesFactory.swift */ = {isa = PBXFileReference; fileEncoding = 4; lastKnownFileType = sourcecode.swift; path = ModulesFactory.swift; sourceTree = "<group>"; };
		C72A4FFF2268D4110073AF2A /* CoordinatorFactoryProtocol.swift */ = {isa = PBXFileReference; fileEncoding = 4; lastKnownFileType = sourcecode.swift; path = CoordinatorFactoryProtocol.swift; sourceTree = "<group>"; };
		C72A50002268D4110073AF2A /* CoordinatorFactory.swift */ = {isa = PBXFileReference; fileEncoding = 4; lastKnownFileType = sourcecode.swift; path = CoordinatorFactory.swift; sourceTree = "<group>"; };
		C72A50012268D4110073AF2A /* TabsCoordinator.swift */ = {isa = PBXFileReference; fileEncoding = 4; lastKnownFileType = sourcecode.swift; path = TabsCoordinator.swift; sourceTree = "<group>"; };
		C72A50032268D4110073AF2A /* UIViewController+extension.swift */ = {isa = PBXFileReference; fileEncoding = 4; lastKnownFileType = sourcecode.swift; path = "UIViewController+extension.swift"; sourceTree = "<group>"; };
		C72A50042268D4110073AF2A /* PresentableProtocols.swift */ = {isa = PBXFileReference; fileEncoding = 4; lastKnownFileType = sourcecode.swift; path = PresentableProtocols.swift; sourceTree = "<group>"; };
		C72A50052268D4110073AF2A /* BaseCoordinator.swift */ = {isa = PBXFileReference; fileEncoding = 4; lastKnownFileType = sourcecode.swift; path = BaseCoordinator.swift; sourceTree = "<group>"; };
		C72A50072268D4110073AF2A /* Router.swift */ = {isa = PBXFileReference; fileEncoding = 4; lastKnownFileType = sourcecode.swift; path = Router.swift; sourceTree = "<group>"; };
		C72A50082268D4110073AF2A /* RouterProtocol.swift */ = {isa = PBXFileReference; fileEncoding = 4; lastKnownFileType = sourcecode.swift; path = RouterProtocol.swift; sourceTree = "<group>"; };
		C72A50262268D4890073AF2A /* TabModel.swift */ = {isa = PBXFileReference; fileEncoding = 4; lastKnownFileType = sourcecode.swift; path = TabModel.swift; sourceTree = "<group>"; };
		C72A502B2268D51C0073AF2A /* TabsRouter.swift */ = {isa = PBXFileReference; lastKnownFileType = sourcecode.swift; path = TabsRouter.swift; sourceTree = "<group>"; };
		C72A502D2268D52D0073AF2A /* NavigationRouter.swift */ = {isa = PBXFileReference; lastKnownFileType = sourcecode.swift; path = NavigationRouter.swift; sourceTree = "<group>"; };
		C72A50302268DC4C0073AF2A /* TabsFactory.swift */ = {isa = PBXFileReference; lastKnownFileType = sourcecode.swift; path = TabsFactory.swift; sourceTree = "<group>"; };
		C72A50332268DCAB0073AF2A /* CoordinateProtocols.swift */ = {isa = PBXFileReference; lastKnownFileType = sourcecode.swift; path = CoordinateProtocols.swift; sourceTree = "<group>"; };
		C72A50362268DEB30073AF2A /* SongsViewModelProtocol.swift */ = {isa = PBXFileReference; lastKnownFileType = sourcecode.swift; path = SongsViewModelProtocol.swift; sourceTree = "<group>"; };
/* End PBXFileReference section */

/* Begin PBXFrameworksBuildPhase section */
		C72A4FCA2268D33A0073AF2A /* Frameworks */ = {
			isa = PBXFrameworksBuildPhase;
			buildActionMask = 2147483647;
			files = (
			);
			runOnlyForDeploymentPostprocessing = 0;
		};
/* End PBXFrameworksBuildPhase section */

/* Begin PBXGroup section */
		C72A4FC42268D33A0073AF2A = {
			isa = PBXGroup;
			children = (
				C72A4FCF2268D33A0073AF2A /* CoordinatorExample */,
				C72A4FCE2268D33A0073AF2A /* Products */,
			);
			sourceTree = "<group>";
		};
		C72A4FCE2268D33A0073AF2A /* Products */ = {
			isa = PBXGroup;
			children = (
				C72A4FCD2268D33A0073AF2A /* CoordinatorExample.app */,
			);
			name = Products;
			sourceTree = "<group>";
		};
		C72A4FCF2268D33A0073AF2A /* CoordinatorExample */ = {
			isa = PBXGroup;
			children = (
				C72A4FD02268D33A0073AF2A /* AppDelegate.swift */,
				C72A50042268D4110073AF2A /* PresentableProtocols.swift */,
				C72A50352268DCBE0073AF2A /* BaseCoordinator */,
				C72A50322268DC710073AF2A /* Tabs */,
				C72A50062268D4110073AF2A /* Router */,
				C72A4FFE2268D4110073AF2A /* Factory */,
				C72A4FE32268D4110073AF2A /* Modules */,
				C72A502F2268D69E0073AF2A /* Extensions */,
				C72A4FD72268D33B0073AF2A /* Assets.xcassets */,
				C72A4FD92268D33B0073AF2A /* LaunchScreen.storyboard */,
				C72A4FDC2268D33B0073AF2A /* Info.plist */,
			);
			path = CoordinatorExample;
			sourceTree = "<group>";
		};
		C72A4FE32268D4110073AF2A /* Modules */ = {
			isa = PBXGroup;
			children = (
				C72A4FFC2268D4110073AF2A /* AppCoordinator.swift */,
				C72A4FFD2268D4110073AF2A /* ModulesFactory.swift */,
				C72A4FE42268D4110073AF2A /* Songs */,
				C72A4FF02268D4110073AF2A /* Home */,
			);
			path = Modules;
			sourceTree = "<group>";
		};
		C72A4FE42268D4110073AF2A /* Songs */ = {
			isa = PBXGroup;
			children = (
				C72A4FE52268D4110073AF2A /* ViewModel */,
				C72A4FE82268D4110073AF2A /* Coordinator */,
				C72A4FEB2268D4110073AF2A /* View */,
			);
			path = Songs;
			sourceTree = "<group>";
		};
		C72A4FE52268D4110073AF2A /* ViewModel */ = {
			isa = PBXGroup;
			children = (
				C72A4FE62268D4110073AF2A /* SongsViewModel.swift */,
				C72A50362268DEB30073AF2A /* SongsViewModelProtocol.swift */,
			);
			path = ViewModel;
			sourceTree = "<group>";
		};
		C72A4FE82268D4110073AF2A /* Coordinator */ = {
			isa = PBXGroup;
			children = (
				C72A4FE92268D4110073AF2A /* SongsCoordinator.swift */,
				C72A4FEA2268D4110073AF2A /* SongsCoordinatorOutputProtocol.swift */,
			);
			path = Coordinator;
			sourceTree = "<group>";
		};
		C72A4FEB2268D4110073AF2A /* View */ = {
			isa = PBXGroup;
			children = (
				C72A4FEE2268D4110073AF2A /* SongsModulesFactoryProtocol.swift */,
				C72A4FEF2268D4110073AF2A /* SongsAssembly.swift */,
				C72A4FEC2268D4110073AF2A /* SongsViewProtocol.swift */,
				C72A4FED2268D4110073AF2A /* SongsViewController.swift */,
			);
			path = View;
			sourceTree = "<group>";
		};
		C72A4FF02268D4110073AF2A /* Home */ = {
			isa = PBXGroup;
			children = (
				C72A4FF12268D4110073AF2A /* ViewModel */,
				C72A4FF52268D4110073AF2A /* Coordinator */,
				C72A4FF92268D4110073AF2A /* View */,
			);
			path = Home;
			sourceTree = "<group>";
		};
		C72A4FF12268D4110073AF2A /* ViewModel */ = {
			isa = PBXGroup;
			children = (
				C72A4FF22268D4110073AF2A /* HomeViewModelProtocol.swift */,
				C72A4FF32268D4110073AF2A /* HomeViewModel.swift */,
			);
			path = ViewModel;
			sourceTree = "<group>";
		};
		C72A4FF52268D4110073AF2A /* Coordinator */ = {
			isa = PBXGroup;
			children = (
				C72A4FF62268D4110073AF2A /* HomeCoordinatorOutputProtocol.swift */,
				C72A4FF72268D4110073AF2A /* HomeCoordinator.swift */,
			);
			path = Coordinator;
			sourceTree = "<group>";
		};
		C72A4FF92268D4110073AF2A /* View */ = {
			isa = PBXGroup;
			children = (
				C72A4FF42268D4110073AF2A /* HomeModulesFactoryProtocol.swift */,
				C72A4FF82268D4110073AF2A /* HomeAssemble.swift */,
				C72A4FFA2268D4110073AF2A /* HomeViewProtocol.swift */,
				C72A4FFB2268D4110073AF2A /* HomeViewController.swift */,
			);
			path = View;
			sourceTree = "<group>";
		};
		C72A4FFE2268D4110073AF2A /* Factory */ = {
			isa = PBXGroup;
			children = (
				C72A4FFF2268D4110073AF2A /* CoordinatorFactoryProtocol.swift */,
				C72A50002268D4110073AF2A /* CoordinatorFactory.swift */,
			);
			path = Factory;
			sourceTree = "<group>";
		};
		C72A50062268D4110073AF2A /* Router */ = {
			isa = PBXGroup;
			children = (
				C72A50072268D4110073AF2A /* Router.swift */,
				C72A502B2268D51C0073AF2A /* TabsRouter.swift */,
				C72A502D2268D52D0073AF2A /* NavigationRouter.swift */,
				C72A50082268D4110073AF2A /* RouterProtocol.swift */,
			);
			path = Router;
			sourceTree = "<group>";
		};
		C72A502F2268D69E0073AF2A /* Extensions */ = {
			isa = PBXGroup;
			children = (
				C72A50032268D4110073AF2A /* UIViewController+extension.swift */,
			);
			path = Extensions;
			sourceTree = "<group>";
		};
		C72A50322268DC710073AF2A /* Tabs */ = {
			isa = PBXGroup;
			children = (
				C72A50262268D4890073AF2A /* TabModel.swift */,
				C72A50012268D4110073AF2A /* TabsCoordinator.swift */,
				C72A50302268DC4C0073AF2A /* TabsFactory.swift */,
			);
			path = Tabs;
			sourceTree = "<group>";
		};
		C72A50352268DCBE0073AF2A /* BaseCoordinator */ = {
			isa = PBXGroup;
			children = (
				C72A50052268D4110073AF2A /* BaseCoordinator.swift */,
				C72A50332268DCAB0073AF2A /* CoordinateProtocols.swift */,
			);
			path = BaseCoordinator;
			sourceTree = "<group>";
		};
/* End PBXGroup section */

/* Begin PBXNativeTarget section */
		C72A4FCC2268D33A0073AF2A /* CoordinatorExample */ = {
			isa = PBXNativeTarget;
			buildConfigurationList = C72A4FDF2268D33B0073AF2A /* Build configuration list for PBXNativeTarget "CoordinatorExample" */;
			buildPhases = (
				C72A4FC92268D33A0073AF2A /* Sources */,
				C72A4FCA2268D33A0073AF2A /* Frameworks */,
				C72A4FCB2268D33A0073AF2A /* Resources */,
			);
			buildRules = (
			);
			dependencies = (
			);
			name = CoordinatorExample;
			productName = CoordinatorExample;
			productReference = C72A4FCD2268D33A0073AF2A /* CoordinatorExample.app */;
			productType = "com.apple.product-type.application";
		};
/* End PBXNativeTarget section */

/* Begin PBXProject section */
		C72A4FC52268D33A0073AF2A /* Project object */ = {
			isa = PBXProject;
			attributes = {
				LastSwiftUpdateCheck = 1010;
				LastUpgradeCheck = 1010;
				ORGANIZATIONNAME = vinso;
				TargetAttributes = {
					C72A4FCC2268D33A0073AF2A = {
						CreatedOnToolsVersion = 10.1;
					};
				};
			};
			buildConfigurationList = C72A4FC82268D33A0073AF2A /* Build configuration list for PBXProject "CoordinatorExample" */;
			compatibilityVersion = "Xcode 9.3";
			developmentRegion = en;
			hasScannedForEncodings = 0;
			knownRegions = (
				en,
				Base,
			);
			mainGroup = C72A4FC42268D33A0073AF2A;
			productRefGroup = C72A4FCE2268D33A0073AF2A /* Products */;
			projectDirPath = "";
			projectRoot = "";
			targets = (
				C72A4FCC2268D33A0073AF2A /* CoordinatorExample */,
			);
		};
/* End PBXProject section */

/* Begin PBXResourcesBuildPhase section */
		C72A4FCB2268D33A0073AF2A /* Resources */ = {
			isa = PBXResourcesBuildPhase;
			buildActionMask = 2147483647;
			files = (
				C72A4FDB2268D33B0073AF2A /* LaunchScreen.storyboard in Resources */,
				C72A4FD82268D33B0073AF2A /* Assets.xcassets in Resources */,
			);
			runOnlyForDeploymentPostprocessing = 0;
		};
/* End PBXResourcesBuildPhase section */

/* Begin PBXSourcesBuildPhase section */
		C72A4FC92268D33A0073AF2A /* Sources */ = {
			isa = PBXSourcesBuildPhase;
			buildActionMask = 2147483647;
			files = (
				C72A50092268D4110073AF2A /* SongsViewModel.swift in Sources */,
				C72A50122268D4110073AF2A /* HomeViewModel.swift in Sources */,
				C72A502E2268D52D0073AF2A /* NavigationRouter.swift in Sources */,
				C72A500C2268D4110073AF2A /* SongsCoordinatorOutputProtocol.swift in Sources */,
				C72A50182268D4110073AF2A /* HomeViewController.swift in Sources */,
				C72A50222268D4110073AF2A /* Router.swift in Sources */,
				C72A50202268D4110073AF2A /* PresentableProtocols.swift in Sources */,
				C72A50102268D4110073AF2A /* SongsAssembly.swift in Sources */,
				C72A50292268D4890073AF2A /* TabModel.swift in Sources */,
				C72A50342268DCAB0073AF2A /* CoordinateProtocols.swift in Sources */,
				C72A50192268D4110073AF2A /* AppCoordinator.swift in Sources */,
				C72A501F2268D4110073AF2A /* UIViewController+extension.swift in Sources */,
				C72A50152268D4110073AF2A /* HomeCoordinator.swift in Sources */,
				C72A500F2268D4110073AF2A /* SongsModulesFactoryProtocol.swift in Sources */,
				C72A501C2268D4110073AF2A /* CoordinatorFactory.swift in Sources */,
				C72A502C2268D51C0073AF2A /* TabsRouter.swift in Sources */,
				C72A50172268D4110073AF2A /* HomeViewProtocol.swift in Sources */,
				C72A50142268D4110073AF2A /* HomeCoordinatorOutputProtocol.swift in Sources */,
				C72A50212268D4110073AF2A /* BaseCoordinator.swift in Sources */,
				C72A50112268D4110073AF2A /* HomeViewModelProtocol.swift in Sources */,
				C72A4FD12268D33A0073AF2A /* AppDelegate.swift in Sources */,
				C72A500B2268D4110073AF2A /* SongsCoordinator.swift in Sources */,
				C72A500D2268D4110073AF2A /* SongsViewProtocol.swift in Sources */,
				C72A501D2268D4110073AF2A /* TabsCoordinator.swift in Sources */,
				C72A50232268D4110073AF2A /* RouterProtocol.swift in Sources */,
				C72A50132268D4110073AF2A /* HomeModulesFactoryProtocol.swift in Sources */,
				C72A501A2268D4110073AF2A /* ModulesFactory.swift in Sources */,
				C72A50312268DC4C0073AF2A /* TabsFactory.swift in Sources */,
				C72A50162268D4110073AF2A /* HomeAssemble.swift in Sources */,
				C72A501B2268D4110073AF2A /* CoordinatorFactoryProtocol.swift in Sources */,
				C72A500E2268D4110073AF2A /* SongsViewController.swift in Sources */,
				C72A50372268DEB30073AF2A /* SongsViewModelProtocol.swift in Sources */,
			);
			runOnlyForDeploymentPostprocessing = 0;
		};
/* End PBXSourcesBuildPhase section */

/* Begin PBXVariantGroup section */
		C72A4FD92268D33B0073AF2A /* LaunchScreen.storyboard */ = {
			isa = PBXVariantGroup;
			children = (
				C72A4FDA2268D33B0073AF2A /* Base */,
			);
			name = LaunchScreen.storyboard;
			sourceTree = "<group>";
		};
/* End PBXVariantGroup section */

/* Begin XCBuildConfiguration section */
		C72A4FDD2268D33B0073AF2A /* Debug */ = {
			isa = XCBuildConfiguration;
			buildSettings = {
				ALWAYS_SEARCH_USER_PATHS = NO;
				CLANG_ANALYZER_NONNULL = YES;
				CLANG_ANALYZER_NUMBER_OBJECT_CONVERSION = YES_AGGRESSIVE;
				CLANG_CXX_LANGUAGE_STANDARD = "gnu++14";
				CLANG_CXX_LIBRARY = "libc++";
				CLANG_ENABLE_MODULES = YES;
				CLANG_ENABLE_OBJC_ARC = YES;
				CLANG_ENABLE_OBJC_WEAK = YES;
				CLANG_WARN_BLOCK_CAPTURE_AUTORELEASING = YES;
				CLANG_WARN_BOOL_CONVERSION = YES;
				CLANG_WARN_COMMA = YES;
				CLANG_WARN_CONSTANT_CONVERSION = YES;
				CLANG_WARN_DEPRECATED_OBJC_IMPLEMENTATIONS = YES;
				CLANG_WARN_DIRECT_OBJC_ISA_USAGE = YES_ERROR;
				CLANG_WARN_DOCUMENTATION_COMMENTS = YES;
				CLANG_WARN_EMPTY_BODY = YES;
				CLANG_WARN_ENUM_CONVERSION = YES;
				CLANG_WARN_INFINITE_RECURSION = YES;
				CLANG_WARN_INT_CONVERSION = YES;
				CLANG_WARN_NON_LITERAL_NULL_CONVERSION = YES;
				CLANG_WARN_OBJC_IMPLICIT_RETAIN_SELF = YES;
				CLANG_WARN_OBJC_LITERAL_CONVERSION = YES;
				CLANG_WARN_OBJC_ROOT_CLASS = YES_ERROR;
				CLANG_WARN_RANGE_LOOP_ANALYSIS = YES;
				CLANG_WARN_STRICT_PROTOTYPES = YES;
				CLANG_WARN_SUSPICIOUS_MOVE = YES;
				CLANG_WARN_UNGUARDED_AVAILABILITY = YES_AGGRESSIVE;
				CLANG_WARN_UNREACHABLE_CODE = YES;
				CLANG_WARN__DUPLICATE_METHOD_MATCH = YES;
				CODE_SIGN_IDENTITY = "iPhone Developer";
				COPY_PHASE_STRIP = NO;
				DEBUG_INFORMATION_FORMAT = dwarf;
				ENABLE_STRICT_OBJC_MSGSEND = YES;
				ENABLE_TESTABILITY = YES;
				GCC_C_LANGUAGE_STANDARD = gnu11;
				GCC_DYNAMIC_NO_PIC = NO;
				GCC_NO_COMMON_BLOCKS = YES;
				GCC_OPTIMIZATION_LEVEL = 0;
				GCC_PREPROCESSOR_DEFINITIONS = (
					"DEBUG=1",
					"$(inherited)",
				);
				GCC_WARN_64_TO_32_BIT_CONVERSION = YES;
				GCC_WARN_ABOUT_RETURN_TYPE = YES_ERROR;
				GCC_WARN_UNDECLARED_SELECTOR = YES;
				GCC_WARN_UNINITIALIZED_AUTOS = YES_AGGRESSIVE;
				GCC_WARN_UNUSED_FUNCTION = YES;
				GCC_WARN_UNUSED_VARIABLE = YES;
				IPHONEOS_DEPLOYMENT_TARGET = 12.1;
				MTL_ENABLE_DEBUG_INFO = INCLUDE_SOURCE;
				MTL_FAST_MATH = YES;
				ONLY_ACTIVE_ARCH = YES;
				SDKROOT = iphoneos;
				SWIFT_ACTIVE_COMPILATION_CONDITIONS = DEBUG;
				SWIFT_OPTIMIZATION_LEVEL = "-Onone";
			};
			name = Debug;
		};
		C72A4FDE2268D33B0073AF2A /* Release */ = {
			isa = XCBuildConfiguration;
			buildSettings = {
				ALWAYS_SEARCH_USER_PATHS = NO;
				CLANG_ANALYZER_NONNULL = YES;
				CLANG_ANALYZER_NUMBER_OBJECT_CONVERSION = YES_AGGRESSIVE;
				CLANG_CXX_LANGUAGE_STANDARD = "gnu++14";
				CLANG_CXX_LIBRARY = "libc++";
				CLANG_ENABLE_MODULES = YES;
				CLANG_ENABLE_OBJC_ARC = YES;
				CLANG_ENABLE_OBJC_WEAK = YES;
				CLANG_WARN_BLOCK_CAPTURE_AUTORELEASING = YES;
				CLANG_WARN_BOOL_CONVERSION = YES;
				CLANG_WARN_COMMA = YES;
				CLANG_WARN_CONSTANT_CONVERSION = YES;
				CLANG_WARN_DEPRECATED_OBJC_IMPLEMENTATIONS = YES;
				CLANG_WARN_DIRECT_OBJC_ISA_USAGE = YES_ERROR;
				CLANG_WARN_DOCUMENTATION_COMMENTS = YES;
				CLANG_WARN_EMPTY_BODY = YES;
				CLANG_WARN_ENUM_CONVERSION = YES;
				CLANG_WARN_INFINITE_RECURSION = YES;
				CLANG_WARN_INT_CONVERSION = YES;
				CLANG_WARN_NON_LITERAL_NULL_CONVERSION = YES;
				CLANG_WARN_OBJC_IMPLICIT_RETAIN_SELF = YES;
				CLANG_WARN_OBJC_LITERAL_CONVERSION = YES;
				CLANG_WARN_OBJC_ROOT_CLASS = YES_ERROR;
				CLANG_WARN_RANGE_LOOP_ANALYSIS = YES;
				CLANG_WARN_STRICT_PROTOTYPES = YES;
				CLANG_WARN_SUSPICIOUS_MOVE = YES;
				CLANG_WARN_UNGUARDED_AVAILABILITY = YES_AGGRESSIVE;
				CLANG_WARN_UNREACHABLE_CODE = YES;
				CLANG_WARN__DUPLICATE_METHOD_MATCH = YES;
				CODE_SIGN_IDENTITY = "iPhone Developer";
				COPY_PHASE_STRIP = NO;
				DEBUG_INFORMATION_FORMAT = "dwarf-with-dsym";
				ENABLE_NS_ASSERTIONS = NO;
				ENABLE_STRICT_OBJC_MSGSEND = YES;
				GCC_C_LANGUAGE_STANDARD = gnu11;
				GCC_NO_COMMON_BLOCKS = YES;
				GCC_WARN_64_TO_32_BIT_CONVERSION = YES;
				GCC_WARN_ABOUT_RETURN_TYPE = YES_ERROR;
				GCC_WARN_UNDECLARED_SELECTOR = YES;
				GCC_WARN_UNINITIALIZED_AUTOS = YES_AGGRESSIVE;
				GCC_WARN_UNUSED_FUNCTION = YES;
				GCC_WARN_UNUSED_VARIABLE = YES;
				IPHONEOS_DEPLOYMENT_TARGET = 12.1;
				MTL_ENABLE_DEBUG_INFO = NO;
				MTL_FAST_MATH = YES;
				SDKROOT = iphoneos;
				SWIFT_COMPILATION_MODE = wholemodule;
				SWIFT_OPTIMIZATION_LEVEL = "-O";
				VALIDATE_PRODUCT = YES;
			};
			name = Release;
		};
		C72A4FE02268D33B0073AF2A /* Debug */ = {
			isa = XCBuildConfiguration;
			buildSettings = {
				ASSETCATALOG_COMPILER_APPICON_NAME = AppIcon;
				CODE_SIGN_STYLE = Automatic;
				DEVELOPMENT_TEAM = RQ8948VJT6;
				INFOPLIST_FILE = CoordinatorExample/Info.plist;
				IPHONEOS_DEPLOYMENT_TARGET = 11.0;
				LD_RUNPATH_SEARCH_PATHS = (
					"$(inherited)",
					"@executable_path/Frameworks",
				);
				PRODUCT_BUNDLE_IDENTIFIER = vinso.CoordinatorExample;
				PRODUCT_NAME = "$(TARGET_NAME)";
				SWIFT_VERSION = 4.2;
				TARGETED_DEVICE_FAMILY = "1,2";
			};
			name = Debug;
		};
		C72A4FE12268D33B0073AF2A /* Release */ = {
			isa = XCBuildConfiguration;
			buildSettings = {
				ASSETCATALOG_COMPILER_APPICON_NAME = AppIcon;
				CODE_SIGN_STYLE = Automatic;
				DEVELOPMENT_TEAM = RQ8948VJT6;
				INFOPLIST_FILE = CoordinatorExample/Info.plist;
				IPHONEOS_DEPLOYMENT_TARGET = 11.0;
				LD_RUNPATH_SEARCH_PATHS = (
					"$(inherited)",
					"@executable_path/Frameworks",
				);
				PRODUCT_BUNDLE_IDENTIFIER = vinso.CoordinatorExample;
				PRODUCT_NAME = "$(TARGET_NAME)";
				SWIFT_VERSION = 4.2;
				TARGETED_DEVICE_FAMILY = "1,2";
			};
			name = Release;
		};
/* End XCBuildConfiguration section */

/* Begin XCConfigurationList section */
		C72A4FC82268D33A0073AF2A /* Build configuration list for PBXProject "CoordinatorExample" */ = {
			isa = XCConfigurationList;
			buildConfigurations = (
				C72A4FDD2268D33B0073AF2A /* Debug */,
				C72A4FDE2268D33B0073AF2A /* Release */,
			);
			defaultConfigurationIsVisible = 0;
			defaultConfigurationName = Release;
		};
		C72A4FDF2268D33B0073AF2A /* Build configuration list for PBXNativeTarget "CoordinatorExample" */ = {
			isa = XCConfigurationList;
			buildConfigurations = (
				C72A4FE02268D33B0073AF2A /* Debug */,
				C72A4FE12268D33B0073AF2A /* Release */,
			);
			defaultConfigurationIsVisible = 0;
			defaultConfigurationName = Release;
		};
/* End XCConfigurationList section */
	};
	rootObject = C72A4FC52268D33A0073AF2A /* Project object */;
}
